{
  "version": 4,
  "terraform_version": "1.4.6",
  "serial": 1,
  "lineage": "cf0cc2eb-2d61-ef4a-2e05-717e6b82573e",
  "outputs": {},
  "resources": [
    {
      "mode": "managed",
      "type": "random_id",
      "name": "instance-suffix",
      "provider": "provider[\"registry.terraform.io/hashicorp/random\"]",
      "instances": [
        {
          "schema_version": 0,
          "attributes": {
            "b64_std": "61Io",
            "b64_url": "61Io",
            "byte_length": 3,
            "dec": "15421992",
            "hex": "eb5228",
            "id": "61Io",
            "keepers": null,
            "prefix": null
          },
          "sensitive_attributes": []
        }
      ]
    }
  ],
  "check_results": null
}
